<?xml version="1.0" encoding="utf-8"?>
<Project ToolsVersion="4.0" xmlns="http://schemas.microsoft.com/developer/msbuild/2003">
  <ItemGroup>
    <Filter Include="src">
      <UniqueIdentifier>{6f66ed32-80cb-485f-860b-f6b27d915958}</UniqueIdentifier>
    </Filter>
    <Filter Include="src\application">
      <UniqueIdentifier>{8463dfbe-6b4e-4c49-be48-9118eb43d85f}</UniqueIdentifier>
    </Filter>
    <Filter Include="src\scene">
      <UniqueIdentifier>{884390e4-5bf9-4de5-a145-acd4136306c6}</UniqueIdentifier>
    </Filter>
    <Filter Include="src\geometry">
      <UniqueIdentifier>{c545b3ff-c266-49a2-88ad-d071a381cd13}</UniqueIdentifier>
    </Filter>
    <Filter Include="src\math">
      <UniqueIdentifier>{4ca73798-53bd-4620-a5ee-f71014c66699}</UniqueIdentifier>
    </Filter>
  </ItemGroup>
  <ItemGroup>
    <ClCompile Include="..\src\application\application.cpp">
      <Filter>src\application</Filter>
    </ClCompile>
    <ClCompile Include="..\src\application\camera_roam.cpp">
      <Filter>src\application</Filter>
    </ClCompile>
    <ClCompile Include="..\src\application\imageio.cpp">
      <Filter>src\application</Filter>
    </ClCompile>
    <ClCompile Include="..\src\scene\mesh.cpp">
      <Filter>src\scene</Filter>
    </ClCompile>
    <ClCompile Include="..\src\geometry\main.cpp">
      <Filter>src\geometry</Filter>
    </ClCompile>
    <ClCompile Include="..\src\geometry\project.cpp">
      <Filter>src\geometry</Filter>
    </ClCompile>
    <ClCompile Include="..\src\math\camera.cpp">
      <Filter>src\math</Filter>
    </ClCompile>
    <ClCompile Include="..\src\math\color.cpp">
      <Filter>src\math</Filter>
    </ClCompile>
    <ClCompile Include="..\src\math\matrix.cpp">
      <Filter>src\math</Filter>
    </ClCompile>
    <ClCompile Include="..\src\math\quaternion.cpp">
      <Filter>src\math</Filter>
    </ClCompile>
    <ClCompile Include="..\src\math\vector.cpp">
      <Filter>src\math</Filter>
    </ClCompile>
  </ItemGroup>
  <ItemGroup>
    <ClInclude Include="..\src\application\application.hpp">
      <Filter>src\application</Filter>
    </ClInclude>
    <ClInclude Include="..\src\application\camera_roam.hpp">
      <Filter>src\application</Filter>
    </ClInclude>
    <ClInclude Include="..\src\application\imageio.hpp">
      <Filter>src\application</Filter>
    </ClInclude>
    <ClInclude Include="..\src\application\opengl.hpp">
      <Filter>src\application</Filter>
    </ClInclude>
    <ClInclude Include="..\src\scene\mesh.hpp">
      <Filter>src\scene</Filter>
    </ClInclude>
    <ClInclude Include="..\src\geometry\project.hpp">
      <Filter>src\geometry</Filter>
    </ClInclude>
    <ClInclude Include="..\src\math\camera.hpp">
      <Filter>src\math</Filter>
    </ClInclude>
    <ClInclude Include="..\src\math\color.hpp">
      <Filter>src\math</Filter>
    </ClInclude>
    <ClInclude Include="..\src\math\math.hpp">
      <Filter>src\math</Filter>
    </ClInclude>
    <ClInclude Include="..\src\math\matrix.hpp">
      <Filter>src\math</Filter>
    </ClInclude>
    <ClInclude Include="..\src\math\quaternion.hpp">
      <Filter>src\math</Filter>
    </ClInclude>
    <ClInclude Include="..\src\math\vector.hpp">
      <Filter>src\math</Filter>
    </ClInclude>
  </ItemGroup>
</Project>