<?xml version="1.0" encoding="utf-8"?>
<Project ToolsVersion="4.0" xmlns="http://schemas.microsoft.com/developer/msbuild/2003">
  <ItemGroup>
    <Filter Include="src">
      <UniqueIdentifier>{e7713e25-73e4-44cd-a539-365450dcfbe8}</UniqueIdentifier>
    </Filter>
    <Filter Include="src\application">
      <UniqueIdentifier>{13b5fc85-7fb7-4b19-ae42-bb5dd57ab0fe}</UniqueIdentifier>
    </Filter>
    <Filter Include="src\physics">
      <UniqueIdentifier>{3e36f121-0bf6-4769-b6a8-96efd2c3a5c5}</UniqueIdentifier>
    </Filter>
    <Filter Include="src\math">
      <UniqueIdentifier>{955b76ab-0adc-4616-a65d-7dc741e27c26}</UniqueIdentifier>
    </Filter>
    <Filter Include="src\tinyxml">
      <UniqueIdentifier>{782360d6-6350-4049-8ad2-e9a213c2b53c}</UniqueIdentifier>
    </Filter>
    <Filter Include="src\scene">
      <UniqueIdentifier>{80294d2b-1144-427c-9a50-faa680db5c90}</UniqueIdentifier>
    </Filter>
  </ItemGroup>
  <ItemGroup>
    <ClCompile Include="..\src\application\application.cpp">
      <Filter>src\application</Filter>
    </ClCompile>
    <ClCompile Include="..\src\application\imageio.cpp">
      <Filter>src\application</Filter>
    </ClCompile>
    <ClCompile Include="..\src\application\scene_loader.cpp">
      <Filter>src\application</Filter>
    </ClCompile>
    <ClCompile Include="..\src\application\camera_roam.cpp">
      <Filter>src\application</Filter>
    </ClCompile>
    <ClCompile Include="..\src\physics\collisions.cpp">
      <Filter>src\physics</Filter>
    </ClCompile>
    <ClCompile Include="..\src\physics\physics.cpp">
      <Filter>src\physics</Filter>
    </ClCompile>
    <ClCompile Include="..\src\physics\spherebody.cpp">
      <Filter>src\physics</Filter>
    </ClCompile>
    <ClCompile Include="..\src\physics\planebody.cpp">
      <Filter>src\physics</Filter>
    </ClCompile>
    <ClCompile Include="..\src\physics\trianglebody.cpp">
      <Filter>src\physics</Filter>
    </ClCompile>
    <ClCompile Include="..\src\physics\spring.cpp">
      <Filter>src\physics</Filter>
    </ClCompile>
    <ClCompile Include="..\src\physics\main.cpp">
      <Filter>src\physics</Filter>
    </ClCompile>
    <ClCompile Include="..\src\math\camera.cpp">
      <Filter>src\math</Filter>
    </ClCompile>
    <ClCompile Include="..\src\math\color.cpp">
      <Filter>src\math</Filter>
    </ClCompile>
    <ClCompile Include="..\src\math\math.cpp">
      <Filter>src\math</Filter>
    </ClCompile>
    <ClCompile Include="..\src\math\matrix.cpp">
      <Filter>src\math</Filter>
    </ClCompile>
    <ClCompile Include="..\src\math\quaternion.cpp">
      <Filter>src\math</Filter>
    </ClCompile>
    <ClCompile Include="..\src\math\vector.cpp">
      <Filter>src\math</Filter>
    </ClCompile>
    <ClCompile Include="..\src\tinyxml\tinyxml.cpp">
      <Filter>src\tinyxml</Filter>
    </ClCompile>
    <ClCompile Include="..\src\tinyxml\tinyxmlerror.cpp">
      <Filter>src\tinyxml</Filter>
    </ClCompile>
    <ClCompile Include="..\src\tinyxml\tinyxmlparser.cpp">
      <Filter>src\tinyxml</Filter>
    </ClCompile>
    <ClCompile Include="..\src\scene\material.cpp">
      <Filter>src\scene</Filter>
    </ClCompile>
    <ClCompile Include="..\src\scene\geometry.cpp">
      <Filter>src\scene</Filter>
    </ClCompile>
    <ClCompile Include="..\src\scene\mesh.cpp">
      <Filter>src\scene</Filter>
    </ClCompile>
    <ClCompile Include="..\src\scene\model.cpp">
      <Filter>src\scene</Filter>
    </ClCompile>
    <ClCompile Include="..\src\scene\scene.cpp">
      <Filter>src\scene</Filter>
    </ClCompile>
    <ClCompile Include="..\src\scene\sphere.cpp">
      <Filter>src\scene</Filter>
    </ClCompile>
    <ClCompile Include="..\src\scene\triangle.cpp">
      <Filter>src\scene</Filter>
    </ClCompile>
  </ItemGroup>
  <ItemGroup>
    <ClInclude Include="..\src\application\application.hpp">
      <Filter>src\application</Filter>
    </ClInclude>
    <ClInclude Include="..\src\application\imageio.hpp">
      <Filter>src\application</Filter>
    </ClInclude>
    <ClInclude Include="..\src\application\opengl.hpp">
      <Filter>src\application</Filter>
    </ClInclude>
    <ClInclude Include="..\src\application\scene_loader.hpp">
      <Filter>src\application</Filter>
    </ClInclude>
    <ClInclude Include="..\src\application\camera_roam.hpp">
      <Filter>src\application</Filter>
    </ClInclude>
    <ClInclude Include="..\src\physics\collisions.hpp">
      <Filter>src\physics</Filter>
    </ClInclude>
    <ClInclude Include="..\src\physics\physics.hpp">
      <Filter>src\physics</Filter>
    </ClInclude>
    <ClInclude Include="..\src\physics\body.hpp">
      <Filter>src\physics</Filter>
    </ClInclude>
    <ClInclude Include="..\src\physics\spherebody.hpp">
      <Filter>src\physics</Filter>
    </ClInclude>
    <ClInclude Include="..\src\physics\planebody.hpp">
      <Filter>src\physics</Filter>
    </ClInclude>
    <ClInclude Include="..\src\physics\trianglebody.hpp">
      <Filter>src\physics</Filter>
    </ClInclude>
    <ClInclude Include="..\src\physics\spring.hpp">
      <Filter>src\physics</Filter>
    </ClInclude>
    <ClInclude Include="..\src\math\camera.hpp">
      <Filter>src\math</Filter>
    </ClInclude>
    <ClInclude Include="..\src\math\color.hpp">
      <Filter>src\math</Filter>
    </ClInclude>
    <ClInclude Include="..\src\math\math.hpp">
      <Filter>src\math</Filter>
    </ClInclude>
    <ClInclude Include="..\src\math\matrix.hpp">
      <Filter>src\math</Filter>
    </ClInclude>
    <ClInclude Include="..\src\math\quaternion.hpp">
      <Filter>src\math</Filter>
    </ClInclude>
    <ClInclude Include="..\src\math\vector.hpp">
      <Filter>src\math</Filter>
    </ClInclude>
    <ClInclude Include="..\src\tinyxml\tinyxml.h">
      <Filter>src\tinyxml</Filter>
    </ClInclude>
    <ClInclude Include="..\src\scene\material.hpp">
      <Filter>src\scene</Filter>
    </ClInclude>
    <ClInclude Include="..\src\scene\geometry.hpp">
      <Filter>src\scene</Filter>
    </ClInclude>
    <ClInclude Include="..\src\scene\mesh.hpp">
      <Filter>src\scene</Filter>
    </ClInclude>
    <ClInclude Include="..\src\scene\model.hpp">
      <Filter>src\scene</Filter>
    </ClInclude>
    <ClInclude Include="..\src\scene\scene.hpp">
      <Filter>src\scene</Filter>
    </ClInclude>
    <ClInclude Include="..\src\scene\sphere.hpp">
      <Filter>src\scene</Filter>
    </ClInclude>
    <ClInclude Include="..\src\scene\triangle.hpp">
      <Filter>src\scene</Filter>
    </ClInclude>
  </ItemGroup>
</Project>